
Microsoft Visual Studio Solution File, Format Version 12.00
# Visual Studio Version 17
VisualStudioVersion = 17.14.36623.8 d17.14
MinimumVisualStudioVersion = 10.0.40219.1
Project("{FAE04EC0-301F-11D3-BF4B-00C04F79EFBC}") = "Aula12", "Aula12\Aula12.csproj", "{49F92751-EC50-46F3-AD65-05C793F2507A}"
EndProject
Global
	GlobalSection(SolutionConfigurationPlatforms) = preSolution
		Debug|Any CPU = Debug|Any CPU
		Release|Any CPU = Release|Any CPU
	EndGlobalSection
	GlobalSection(ProjectConfigurationPlatforms) = postSolution
		{49F92751-EC50-46F3-AD65-05C793F2507A}.Debug|Any CPU.ActiveCfg = Debug|Any CPU
		{49F92751-EC50-46F3-AD65-05C793F2507A}.Debug|Any CPU.Build.0 = Debug|Any CPU
		{49F92751-EC50-46F3-AD65-05C793F2507A}.Release|Any CPU.ActiveCfg = Release|Any CPU
		{49F92751-EC50-46F3-AD65-05C793F2507A}.Release|Any CPU.Build.0 = Release|Any CPU
	EndGlobalSection
	GlobalSection(SolutionProperties) = preSolution
		HideSolutionNode = FALSE
	EndGlobalSection
	GlobalSection(ExtensibilityGlobals) = postSolution
		SolutionGuid = {7D6ECA07-32B5-4E6C-8A9B-75F41108C133}
	EndGlobalSection
EndGlobal
