
Microsoft Visual Studio Solution File, Format Version 12.00
# Visual Studio Version 17
VisualStudioVersion = 17.14.36623.8 d17.14
MinimumVisualStudioVersion = 10.0.40219.1
Project("{FAE04EC0-301F-11D3-BF4B-00C04F79EFBC}") = "Aula10", "Aula10\Aula10.csproj", "{7A5084CA-BB8A-471C-A010-5C2609B4091A}"
EndProject
Global
	GlobalSection(SolutionConfigurationPlatforms) = preSolution
		Debug|Any CPU = Debug|Any CPU
		Release|Any CPU = Release|Any CPU
	EndGlobalSection
	GlobalSection(ProjectConfigurationPlatforms) = postSolution
		{7A5084CA-BB8A-471C-A010-5C2609B4091A}.Debug|Any CPU.ActiveCfg = Debug|Any CPU
		{7A5084CA-BB8A-471C-A010-5C2609B4091A}.Debug|Any CPU.Build.0 = Debug|Any CPU
		{7A5084CA-BB8A-471C-A010-5C2609B4091A}.Release|Any CPU.ActiveCfg = Release|Any CPU
		{7A5084CA-BB8A-471C-A010-5C2609B4091A}.Release|Any CPU.Build.0 = Release|Any CPU
	EndGlobalSection
	GlobalSection(SolutionProperties) = preSolution
		HideSolutionNode = FALSE
	EndGlobalSection
	GlobalSection(ExtensibilityGlobals) = postSolution
		SolutionGuid = {B52B7D0B-41AA-4CAB-9B76-6A75B4529E21}
	EndGlobalSection
EndGlobal
