
Microsoft Visual Studio Solution File, Format Version 12.00
# Visual Studio Version 17
VisualStudioVersion = 17.14.36202.13 d17.14
MinimumVisualStudioVersion = 10.0.40219.1
Project("{FAE04EC0-301F-11D3-BF4B-00C04F79EFBC}") = "Aula02", "Aula02\Aula02.csproj", "{5B93B088-1672-47FF-B869-42C34B1AF8AA}"
EndProject
Global
	GlobalSection(SolutionConfigurationPlatforms) = preSolution
		Debug|Any CPU = Debug|Any CPU
		Release|Any CPU = Release|Any CPU
	EndGlobalSection
	GlobalSection(ProjectConfigurationPlatforms) = postSolution
		{5B93B088-1672-47FF-B869-42C34B1AF8AA}.Debug|Any CPU.ActiveCfg = Debug|Any CPU
		{5B93B088-1672-47FF-B869-42C34B1AF8AA}.Debug|Any CPU.Build.0 = Debug|Any CPU
		{5B93B088-1672-47FF-B869-42C34B1AF8AA}.Release|Any CPU.ActiveCfg = Release|Any CPU
		{5B93B088-1672-47FF-B869-42C34B1AF8AA}.Release|Any CPU.Build.0 = Release|Any CPU
	EndGlobalSection
	GlobalSection(SolutionProperties) = preSolution
		HideSolutionNode = FALSE
	EndGlobalSection
	GlobalSection(ExtensibilityGlobals) = postSolution
		SolutionGuid = {75069372-715F-4DDF-8011-E9E3231406D8}
	EndGlobalSection
EndGlobal
